
Microsoft Visual Studio Solution File, Format Version 9.00
# Visual Studio 2005
Project("{8BC9CEB8-8B4A-11D0-8D11-00A0C91BC942}") = "Automata", "automata\Automata.vcproj", "{D967D369-1F55-497A-9832-5CF46E75D1CC}"
EndProject
Project("{8BC9CEB8-8B4A-11D0-8D11-00A0C91BC942}") = "NeuroLib", "neurolib\NeuroLib.vcproj", "{125A8D43-1BAF-485D-A8FF-A3E891EF3859}"
	ProjectSection(ProjectDependencies) = postProject
		{D967D369-1F55-497A-9832-5CF46E75D1CC} = {D967D369-1F55-497A-9832-5CF46E75D1CC}
	EndProjectSection
EndProject
Project("{8BC9CEB8-8B4A-11D0-8D11-00A0C91BC942}") = "NeuroLab", "neurolab\NeuroLab.vcproj", "{9BE68DD6-5005-40FD-8033-81C1581B2B2E}"
	ProjectSection(ProjectDependencies) = postProject
		{125A8D43-1BAF-485D-A8FF-A3E891EF3859} = {125A8D43-1BAF-485D-A8FF-A3E891EF3859}
		{D967D369-1F55-497A-9832-5CF46E75D1CC} = {D967D369-1F55-497A-9832-5CF46E75D1CC}
	EndProjectSection
EndProject
Global
	GlobalSection(SolutionConfigurationPlatforms) = preSolution
		Debug|Win32 = Debug|Win32
		Release|Win32 = Release|Win32
	EndGlobalSection
	GlobalSection(ProjectConfigurationPlatforms) = postSolution
		{D967D369-1F55-497A-9832-5CF46E75D1CC}.Debug|Win32.ActiveCfg = Debug|Win32
		{D967D369-1F55-497A-9832-5CF46E75D1CC}.Debug|Win32.Build.0 = Debug|Win32
		{D967D369-1F55-497A-9832-5CF46E75D1CC}.Release|Win32.ActiveCfg = Release|Win32
		{D967D369-1F55-497A-9832-5CF46E75D1CC}.Release|Win32.Build.0 = Release|Win32
		{125A8D43-1BAF-485D-A8FF-A3E891EF3859}.Debug|Win32.ActiveCfg = Debug|Win32
		{125A8D43-1BAF-485D-A8FF-A3E891EF3859}.Debug|Win32.Build.0 = Debug|Win32
		{125A8D43-1BAF-485D-A8FF-A3E891EF3859}.Release|Win32.ActiveCfg = Release|Win32
		{125A8D43-1BAF-485D-A8FF-A3E891EF3859}.Release|Win32.Build.0 = Release|Win32
		{9BE68DD6-5005-40FD-8033-81C1581B2B2E}.Debug|Win32.ActiveCfg = Debug|Win32
		{9BE68DD6-5005-40FD-8033-81C1581B2B2E}.Debug|Win32.Build.0 = Debug|Win32
		{9BE68DD6-5005-40FD-8033-81C1581B2B2E}.Release|Win32.ActiveCfg = Release|Win32
		{9BE68DD6-5005-40FD-8033-81C1581B2B2E}.Release|Win32.Build.0 = Release|Win32
	EndGlobalSection
	GlobalSection(SolutionProperties) = preSolution
		HideSolutionNode = FALSE
	EndGlobalSection
EndGlobal
